
Microsoft Visual Studio Solution File, Format Version 12.00
# Visual Studio Version 17
VisualStudioVersion = 17.0.31919.166
MinimumVisualStudioVersion = 10.0.40219.1
Project("{FAE04EC0-301F-11D3-BF4B-00C04F79EFBC}") = "MathFormula", "MathFormula\MathFormula.csproj", "{30693741-2E8D-4D4F-BB0E-9418EA1002D5}"
EndProject
Global
	GlobalSection(SolutionConfigurationPlatforms) = preSolution
		Debug|Any CPU = Debug|Any CPU
		Release|Any CPU = Release|Any CPU
	EndGlobalSection
	GlobalSection(ProjectConfigurationPlatforms) = postSolution
		{30693741-2E8D-4D4F-BB0E-9418EA1002D5}.Debug|Any CPU.ActiveCfg = Debug|Any CPU
		{30693741-2E8D-4D4F-BB0E-9418EA1002D5}.Debug|Any CPU.Build.0 = Debug|Any CPU
		{30693741-2E8D-4D4F-BB0E-9418EA1002D5}.Release|Any CPU.ActiveCfg = Release|Any CPU
		{30693741-2E8D-4D4F-BB0E-9418EA1002D5}.Release|Any CPU.Build.0 = Release|Any CPU
	EndGlobalSection
	GlobalSection(SolutionProperties) = preSolution
		HideSolutionNode = FALSE
	EndGlobalSection
	GlobalSection(ExtensibilityGlobals) = postSolution
		SolutionGuid = {D713C934-1F6C-4B72-817F-692DA83A06AC}
	EndGlobalSection
EndGlobal
